
Microsoft Visual Studio Solution File, Format Version 12.00
Project("{FAE04EC0-301F-11D3-BF4B-00C04F79EFBC}") = "Day1", "Day1\Day1.csproj", "{BA17E18A-D12C-44CA-9F3C-42D1AA14BC50}"
EndProject
Project("{FAE04EC0-301F-11D3-BF4B-00C04F79EFBC}") = "Day2", "Day2\Day2.csproj", "{174EDD65-1E65-41C2-AACD-D15174974DA4}"
EndProject
Project("{FAE04EC0-301F-11D3-BF4B-00C04F79EFBC}") = "Day3", "Day3\Day3.csproj", "{0EA9A30E-B6F5-4F76-B0C7-9D699F0F85FB}"
EndProject
Project("{FAE04EC0-301F-11D3-BF4B-00C04F79EFBC}") = "Day4", "Day4\Day4.csproj", "{3C7B67B9-B25B-4F3D-9953-4CB2AC679613}"
EndProject
Project("{FAE04EC0-301F-11D3-BF4B-00C04F79EFBC}") = "Day5", "Day5\Day5.csproj", "{5D93B83B-A950-4CC2-99F1-AEF318378675}"
EndProject
Project("{FAE04EC0-301F-11D3-BF4B-00C04F79EFBC}") = "Day6", "Day6\Day6.csproj", "{0F592B1A-4F0B-40B6-945A-08AE198A278A}"
EndProject
Project("{FAE04EC0-301F-11D3-BF4B-00C04F79EFBC}") = "Day7", "Day7\Day7.csproj", "{19C164B5-C52C-41D5-8D44-3D05C38C8083}"
EndProject
Project("{FAE04EC0-301F-11D3-BF4B-00C04F79EFBC}") = "Day8", "Day8\Day8.csproj", "{63C2BEF9-82B6-4332-BA01-BE0DE808586F}"
EndProject
Project("{FAE04EC0-301F-11D3-BF4B-00C04F79EFBC}") = "Day9", "Day9\Day9.csproj", "{964A9AE3-A9BD-46A6-A07A-DA8B18009A1D}"
EndProject
Project("{FAE04EC0-301F-11D3-BF4B-00C04F79EFBC}") = "Day10", "Day10\Day10.csproj", "{F9694003-0E0E-4660-9AA1-247E5C1C116C}"
EndProject
Project("{FAE04EC0-301F-11D3-BF4B-00C04F79EFBC}") = "Day11", "Day11\Day11.csproj", "{EDFDAA3D-C018-41A9-8FB6-69B4B2D9CFB6}"
EndProject
Project("{FAE04EC0-301F-11D3-BF4B-00C04F79EFBC}") = "Day12", "Day12\Day12.csproj", "{560096EC-9478-40E3-89CE-CF4030E9FFC3}"
EndProject
Global
	GlobalSection(SolutionConfigurationPlatforms) = preSolution
		Debug|Any CPU = Debug|Any CPU
		Release|Any CPU = Release|Any CPU
	EndGlobalSection
	GlobalSection(ProjectConfigurationPlatforms) = postSolution
		{BA17E18A-D12C-44CA-9F3C-42D1AA14BC50}.Debug|Any CPU.ActiveCfg = Debug|Any CPU
		{BA17E18A-D12C-44CA-9F3C-42D1AA14BC50}.Debug|Any CPU.Build.0 = Debug|Any CPU
		{BA17E18A-D12C-44CA-9F3C-42D1AA14BC50}.Release|Any CPU.ActiveCfg = Release|Any CPU
		{BA17E18A-D12C-44CA-9F3C-42D1AA14BC50}.Release|Any CPU.Build.0 = Release|Any CPU
		{174EDD65-1E65-41C2-AACD-D15174974DA4}.Debug|Any CPU.ActiveCfg = Debug|Any CPU
		{174EDD65-1E65-41C2-AACD-D15174974DA4}.Debug|Any CPU.Build.0 = Debug|Any CPU
		{174EDD65-1E65-41C2-AACD-D15174974DA4}.Release|Any CPU.ActiveCfg = Release|Any CPU
		{174EDD65-1E65-41C2-AACD-D15174974DA4}.Release|Any CPU.Build.0 = Release|Any CPU
		{0EA9A30E-B6F5-4F76-B0C7-9D699F0F85FB}.Debug|Any CPU.ActiveCfg = Debug|Any CPU
		{0EA9A30E-B6F5-4F76-B0C7-9D699F0F85FB}.Debug|Any CPU.Build.0 = Debug|Any CPU
		{0EA9A30E-B6F5-4F76-B0C7-9D699F0F85FB}.Release|Any CPU.ActiveCfg = Release|Any CPU
		{0EA9A30E-B6F5-4F76-B0C7-9D699F0F85FB}.Release|Any CPU.Build.0 = Release|Any CPU
		{3C7B67B9-B25B-4F3D-9953-4CB2AC679613}.Debug|Any CPU.ActiveCfg = Debug|Any CPU
		{3C7B67B9-B25B-4F3D-9953-4CB2AC679613}.Debug|Any CPU.Build.0 = Debug|Any CPU
		{3C7B67B9-B25B-4F3D-9953-4CB2AC679613}.Release|Any CPU.ActiveCfg = Release|Any CPU
		{3C7B67B9-B25B-4F3D-9953-4CB2AC679613}.Release|Any CPU.Build.0 = Release|Any CPU
		{5D93B83B-A950-4CC2-99F1-AEF318378675}.Debug|Any CPU.ActiveCfg = Debug|Any CPU
		{5D93B83B-A950-4CC2-99F1-AEF318378675}.Debug|Any CPU.Build.0 = Debug|Any CPU
		{5D93B83B-A950-4CC2-99F1-AEF318378675}.Release|Any CPU.ActiveCfg = Release|Any CPU
		{5D93B83B-A950-4CC2-99F1-AEF318378675}.Release|Any CPU.Build.0 = Release|Any CPU
		{0F592B1A-4F0B-40B6-945A-08AE198A278A}.Debug|Any CPU.ActiveCfg = Debug|Any CPU
		{0F592B1A-4F0B-40B6-945A-08AE198A278A}.Debug|Any CPU.Build.0 = Debug|Any CPU
		{0F592B1A-4F0B-40B6-945A-08AE198A278A}.Release|Any CPU.ActiveCfg = Release|Any CPU
		{0F592B1A-4F0B-40B6-945A-08AE198A278A}.Release|Any CPU.Build.0 = Release|Any CPU
		{19C164B5-C52C-41D5-8D44-3D05C38C8083}.Debug|Any CPU.ActiveCfg = Debug|Any CPU
		{19C164B5-C52C-41D5-8D44-3D05C38C8083}.Debug|Any CPU.Build.0 = Debug|Any CPU
		{19C164B5-C52C-41D5-8D44-3D05C38C8083}.Release|Any CPU.ActiveCfg = Release|Any CPU
		{19C164B5-C52C-41D5-8D44-3D05C38C8083}.Release|Any CPU.Build.0 = Release|Any CPU
		{63C2BEF9-82B6-4332-BA01-BE0DE808586F}.Debug|Any CPU.ActiveCfg = Debug|Any CPU
		{63C2BEF9-82B6-4332-BA01-BE0DE808586F}.Debug|Any CPU.Build.0 = Debug|Any CPU
		{63C2BEF9-82B6-4332-BA01-BE0DE808586F}.Release|Any CPU.ActiveCfg = Release|Any CPU
		{63C2BEF9-82B6-4332-BA01-BE0DE808586F}.Release|Any CPU.Build.0 = Release|Any CPU
		{964A9AE3-A9BD-46A6-A07A-DA8B18009A1D}.Debug|Any CPU.ActiveCfg = Debug|Any CPU
		{964A9AE3-A9BD-46A6-A07A-DA8B18009A1D}.Debug|Any CPU.Build.0 = Debug|Any CPU
		{964A9AE3-A9BD-46A6-A07A-DA8B18009A1D}.Release|Any CPU.ActiveCfg = Release|Any CPU
		{964A9AE3-A9BD-46A6-A07A-DA8B18009A1D}.Release|Any CPU.Build.0 = Release|Any CPU
		{F9694003-0E0E-4660-9AA1-247E5C1C116C}.Debug|Any CPU.ActiveCfg = Debug|Any CPU
		{F9694003-0E0E-4660-9AA1-247E5C1C116C}.Debug|Any CPU.Build.0 = Debug|Any CPU
		{F9694003-0E0E-4660-9AA1-247E5C1C116C}.Release|Any CPU.ActiveCfg = Release|Any CPU
		{F9694003-0E0E-4660-9AA1-247E5C1C116C}.Release|Any CPU.Build.0 = Release|Any CPU
		{EDFDAA3D-C018-41A9-8FB6-69B4B2D9CFB6}.Debug|Any CPU.ActiveCfg = Debug|Any CPU
		{EDFDAA3D-C018-41A9-8FB6-69B4B2D9CFB6}.Debug|Any CPU.Build.0 = Debug|Any CPU
		{EDFDAA3D-C018-41A9-8FB6-69B4B2D9CFB6}.Release|Any CPU.ActiveCfg = Release|Any CPU
		{EDFDAA3D-C018-41A9-8FB6-69B4B2D9CFB6}.Release|Any CPU.Build.0 = Release|Any CPU
		{560096EC-9478-40E3-89CE-CF4030E9FFC3}.Debug|Any CPU.ActiveCfg = Debug|Any CPU
		{560096EC-9478-40E3-89CE-CF4030E9FFC3}.Debug|Any CPU.Build.0 = Debug|Any CPU
		{560096EC-9478-40E3-89CE-CF4030E9FFC3}.Release|Any CPU.ActiveCfg = Release|Any CPU
		{560096EC-9478-40E3-89CE-CF4030E9FFC3}.Release|Any CPU.Build.0 = Release|Any CPU
	EndGlobalSection
EndGlobal
